
Microsoft Visual Studio Solution File, Format Version 12.00
# Visual Studio 15
VisualStudioVersion = 15.0.26730.10
MinimumVisualStudioVersion = 10.0.40219.1
Project("{888888A0-9F3D-457C-B088-3A5042F75D52}") = "Translator", "Translator\Translator.pyproj", "{594B865F-7785-47DF-A78F-2B529E85F356}"
EndProject
Global
	GlobalSection(SolutionConfigurationPlatforms) = preSolution
		Debug|Any CPU = Debug|Any CPU
		Release|Any CPU = Release|Any CPU
	EndGlobalSection
	GlobalSection(ProjectConfigurationPlatforms) = postSolution
		{594B865F-7785-47DF-A78F-2B529E85F356}.Debug|Any CPU.ActiveCfg = Debug|Any CPU
		{594B865F-7785-47DF-A78F-2B529E85F356}.Release|Any CPU.ActiveCfg = Release|Any CPU
	EndGlobalSection
	GlobalSection(SolutionProperties) = preSolution
		HideSolutionNode = FALSE
	EndGlobalSection
	GlobalSection(ExtensibilityGlobals) = postSolution
		SolutionGuid = {AB7B6291-629F-4E82-BF6E-B480C566E96E}
	EndGlobalSection
EndGlobal
