
Microsoft Visual Studio Solution File, Format Version 12.00
# Visual Studio 15
VisualStudioVersion = 15.0.26730.10
MinimumVisualStudioVersion = 10.0.40219.1
Project("{888888A0-9F3D-457C-B088-3A5042F75D52}") = "take-give", "take-give\take-give.pyproj", "{7B17F414-809C-4E79-9AE4-9A66860E4DCF}"
EndProject
Global
	GlobalSection(SolutionConfigurationPlatforms) = preSolution
		Debug|Any CPU = Debug|Any CPU
		Release|Any CPU = Release|Any CPU
	EndGlobalSection
	GlobalSection(ProjectConfigurationPlatforms) = postSolution
		{7B17F414-809C-4E79-9AE4-9A66860E4DCF}.Debug|Any CPU.ActiveCfg = Debug|Any CPU
		{7B17F414-809C-4E79-9AE4-9A66860E4DCF}.Release|Any CPU.ActiveCfg = Release|Any CPU
	EndGlobalSection
	GlobalSection(SolutionProperties) = preSolution
		HideSolutionNode = FALSE
	EndGlobalSection
	GlobalSection(ExtensibilityGlobals) = postSolution
		SolutionGuid = {3C0ABBF6-57CC-4BB9-A756-3C6EF048555B}
	EndGlobalSection
EndGlobal
