
Microsoft Visual Studio Solution File, Format Version 12.00
# Visual Studio 15
VisualStudioVersion = 15.0.26730.10
MinimumVisualStudioVersion = 10.0.40219.1
Project("{888888A0-9F3D-457C-B088-3A5042F75D52}") = "Viselica", "Viselica\Viselica.pyproj", "{1667D80F-266F-4922-8A3A-0B0C1BE25462}"
EndProject
Global
	GlobalSection(SolutionConfigurationPlatforms) = preSolution
		Debug|Any CPU = Debug|Any CPU
		Release|Any CPU = Release|Any CPU
	EndGlobalSection
	GlobalSection(ProjectConfigurationPlatforms) = postSolution
		{1667D80F-266F-4922-8A3A-0B0C1BE25462}.Debug|Any CPU.ActiveCfg = Debug|Any CPU
		{1667D80F-266F-4922-8A3A-0B0C1BE25462}.Release|Any CPU.ActiveCfg = Release|Any CPU
	EndGlobalSection
	GlobalSection(SolutionProperties) = preSolution
		HideSolutionNode = FALSE
	EndGlobalSection
	GlobalSection(ExtensibilityGlobals) = postSolution
		SolutionGuid = {E8373B12-CC2D-4C1E-9400-0BA89DD4F80B}
	EndGlobalSection
EndGlobal
